
Microsoft Visual Studio Solution File, Format Version 12.00
# Visual Studio 15
VisualStudioVersion = 15.0.28307.572
MinimumVisualStudioVersion = 10.0.40219.1
Project("{FAE04EC0-301F-11D3-BF4B-00C04F79EFBC}") = "Client", "Client\Client.csproj", "{B9843747-2BA6-4C40-8F09-799350FAFBFC}"
EndProject
Global
	GlobalSection(SolutionConfigurationPlatforms) = preSolution
		Debug|Any CPU = Debug|Any CPU
		Release|Any CPU = Release|Any CPU
	EndGlobalSection
	GlobalSection(ProjectConfigurationPlatforms) = postSolution
		{B9843747-2BA6-4C40-8F09-799350FAFBFC}.Debug|Any CPU.ActiveCfg = Debug|Any CPU
		{B9843747-2BA6-4C40-8F09-799350FAFBFC}.Debug|Any CPU.Build.0 = Debug|Any CPU
		{B9843747-2BA6-4C40-8F09-799350FAFBFC}.Release|Any CPU.ActiveCfg = Release|Any CPU
		{B9843747-2BA6-4C40-8F09-799350FAFBFC}.Release|Any CPU.Build.0 = Release|Any CPU
	EndGlobalSection
	GlobalSection(SolutionProperties) = preSolution
		HideSolutionNode = FALSE
	EndGlobalSection
	GlobalSection(ExtensibilityGlobals) = postSolution
		SolutionGuid = {F6E39157-89B3-4682-B9BC-284DBE6D2A8B}
	EndGlobalSection
EndGlobal
